// !$*UTF8*$!
{
	archiveVersion = 1;
	classes = {
	};
	objectVersion = 55;
	objects = {

/* Begin PBXBuildFile section */
		378FD1E8B4479EC1AB73A011 /* Pods_LineChart_Swift.framework in Frameworks */ = {isa = PBXBuildFile; fileRef = 39EEFBDC6930CA8010AA389A /* Pods_LineChart_Swift.framework */; };
		CC79F29128609AEF00A5623C /* AppDelegate.swift in Sources */ = {isa = PBXBuildFile; fileRef = CC79F29028609AEF00A5623C /* AppDelegate.swift */; };
		CC79F29328609AEF00A5623C /* SceneDelegate.swift in Sources */ = {isa = PBXBuildFile; fileRef = CC79F29228609AEF00A5623C /* SceneDelegate.swift */; };
		CC79F29528609AEF00A5623C /* ViewController.swift in Sources */ = {isa = PBXBuildFile; fileRef = CC79F29428609AEF00A5623C /* ViewController.swift */; };
		CC79F29828609AEF00A5623C /* Main.storyboard in Resources */ = {isa = PBXBuildFile; fileRef = CC79F29628609AEF00A5623C /* Main.storyboard */; };
		CC79F29A28609AF100A5623C /* Assets.xcassets in Resources */ = {isa = PBXBuildFile; fileRef = CC79F29928609AF100A5623C /* Assets.xcassets */; };
		CC79F29D28609AF100A5623C /* LaunchScreen.storyboard in Resources */ = {isa = PBXBuildFile; fileRef = CC79F29B28609AF100A5623C /* LaunchScreen.storyboard */; };
		CC79F2A62860AFA700A5623C /* data.json in Resources */ = {isa = PBXBuildFile; fileRef = CC79F2A52860AFA700A5623C /* data.json */; };
/* End PBXBuildFile section */

/* Begin PBXFileReference section */
		39EEFBDC6930CA8010AA389A /* Pods_LineChart_Swift.framework */ = {isa = PBXFileReference; explicitFileType = wrapper.framework; includeInIndex = 0; path = Pods_LineChart_Swift.framework; sourceTree = BUILT_PRODUCTS_DIR; };
		7430618EEF9F894A49060A69 /* Pods-LineChart-Swift.debug.xcconfig */ = {isa = PBXFileReference; includeInIndex = 1; lastKnownFileType = text.xcconfig; name = "Pods-LineChart-Swift.debug.xcconfig"; path = "Target Support Files/Pods-LineChart-Swift/Pods-LineChart-Swift.debug.xcconfig"; sourceTree = "<group>"; };
		CC79F28D28609AEF00A5623C /* LineChart-Swift.app */ = {isa = PBXFileReference; explicitFileType = wrapper.application; includeInIndex = 0; path = "LineChart-Swift.app"; sourceTree = BUILT_PRODUCTS_DIR; };
		CC79F29028609AEF00A5623C /* AppDelegate.swift */ = {isa = PBXFileReference; lastKnownFileType = sourcecode.swift; path = AppDelegate.swift; sourceTree = "<group>"; };
		CC79F29228609AEF00A5623C /* SceneDelegate.swift */ = {isa = PBXFileReference; lastKnownFileType = sourcecode.swift; path = SceneDelegate.swift; sourceTree = "<group>"; };
		CC79F29428609AEF00A5623C /* ViewController.swift */ = {isa = PBXFileReference; lastKnownFileType = sourcecode.swift; path = ViewController.swift; sourceTree = "<group>"; };
		CC79F29728609AEF00A5623C /* Base */ = {isa = PBXFileReference; lastKnownFileType = file.storyboard; name = Base; path = Base.lproj/Main.storyboard; sourceTree = "<group>"; };
		CC79F29928609AF100A5623C /* Assets.xcassets */ = {isa = PBXFileReference; lastKnownFileType = folder.assetcatalog; path = Assets.xcassets; sourceTree = "<group>"; };
		CC79F29C28609AF100A5623C /* Base */ = {isa = PBXFileReference; lastKnownFileType = file.storyboard; name = Base; path = Base.lproj/LaunchScreen.storyboard; sourceTree = "<group>"; };
		CC79F29E28609AF200A5623C /* Info.plist */ = {isa = PBXFileReference; lastKnownFileType = text.plist.xml; path = Info.plist; sourceTree = "<group>"; };
		CC79F2A52860AFA700A5623C /* data.json */ = {isa = PBXFileReference; fileEncoding = 4; lastKnownFileType = text.json; path = data.json; sourceTree = "<group>"; };
		FFA6437CAE278275C5FFD143 /* Pods-LineChart-Swift.release.xcconfig */ = {isa = PBXFileReference; includeInIndex = 1; lastKnownFileType = text.xcconfig; name = "Pods-LineChart-Swift.release.xcconfig"; path = "Target Support Files/Pods-LineChart-Swift/Pods-LineChart-Swift.release.xcconfig"; sourceTree = "<group>"; };
/* End PBXFileReference section */

/* Begin PBXFrameworksBuildPhase section */
		CC79F28A28609AEF00A5623C /* Frameworks */ = {
			isa = PBXFrameworksBuildPhase;
			buildActionMask = 2147483647;
			files = (
				378FD1E8B4479EC1AB73A011 /* Pods_LineChart_Swift.framework in Frameworks */,
			);
			runOnlyForDeploymentPostprocessing = 0;
		};
/* End PBXFrameworksBuildPhase section */

/* Begin PBXGroup section */
		75B9E0A2A4BD4384D9DCC10C /* Pods */ = {
			isa = PBXGroup;
			children = (
				7430618EEF9F894A49060A69 /* Pods-LineChart-Swift.debug.xcconfig */,
				FFA6437CAE278275C5FFD143 /* Pods-LineChart-Swift.release.xcconfig */,
			);
			path = Pods;
			sourceTree = "<group>";
		};
		B2BC29BA1A27E840EF24311D /* Frameworks */ = {
			isa = PBXGroup;
			children = (
				39EEFBDC6930CA8010AA389A /* Pods_LineChart_Swift.framework */,
			);
			name = Frameworks;
			sourceTree = "<group>";
		};
		CC79F28428609AEF00A5623C = {
			isa = PBXGroup;
			children = (
				CC79F28F28609AEF00A5623C /* LineChart-Swift */,
				CC79F28E28609AEF00A5623C /* Products */,
				75B9E0A2A4BD4384D9DCC10C /* Pods */,
				B2BC29BA1A27E840EF24311D /* Frameworks */,
			);
			sourceTree = "<group>";
		};
		CC79F28E28609AEF00A5623C /* Products */ = {
			isa = PBXGroup;
			children = (
				CC79F28D28609AEF00A5623C /* LineChart-Swift.app */,
			);
			name = Products;
			sourceTree = "<group>";
		};
		CC79F28F28609AEF00A5623C /* LineChart-Swift */ = {
			isa = PBXGroup;
			children = (
				CC79F2A52860AFA700A5623C /* data.json */,
				CC79F29028609AEF00A5623C /* AppDelegate.swift */,
				CC79F29228609AEF00A5623C /* SceneDelegate.swift */,
				CC79F29428609AEF00A5623C /* ViewController.swift */,
				CC79F29628609AEF00A5623C /* Main.storyboard */,
				CC79F29928609AF100A5623C /* Assets.xcassets */,
				CC79F29B28609AF100A5623C /* LaunchScreen.storyboard */,
				CC79F29E28609AF200A5623C /* Info.plist */,
			);
			path = "LineChart-Swift";
			sourceTree = "<group>";
		};
/* End PBXGroup section */

/* Begin PBXNativeTarget section */
		CC79F28C28609AEF00A5623C /* LineChart-Swift */ = {
			isa = PBXNativeTarget;
			buildConfigurationList = CC79F2A128609AF200A5623C /* Build configuration list for PBXNativeTarget "LineChart-Swift" */;
			buildPhases = (
				FF5D2B3ED76F43A115ADB78B /* [CP] Check Pods Manifest.lock */,
				CC79F28928609AEF00A5623C /* Sources */,
				CC79F28A28609AEF00A5623C /* Frameworks */,
				CC79F28B28609AEF00A5623C /* Resources */,
				8F3D262AB5509A4FC47C1232 /* [CP] Embed Pods Frameworks */,
			);
			buildRules = (
			);
			dependencies = (
			);
			name = "LineChart-Swift";
			productName = "LineChart-Swift";
			productReference = CC79F28D28609AEF00A5623C /* LineChart-Swift.app */;
			productType = "com.apple.product-type.application";
		};
/* End PBXNativeTarget section */

/* Begin PBXProject section */
		CC79F28528609AEF00A5623C /* Project object */ = {
			isa = PBXProject;
			attributes = {
				BuildIndependentTargetsInParallel = 1;
				LastSwiftUpdateCheck = 1340;
				LastUpgradeCheck = 1340;
				TargetAttributes = {
					CC79F28C28609AEF00A5623C = {
						CreatedOnToolsVersion = 13.4.1;
					};
				};
			};
			buildConfigurationList = CC79F28828609AEF00A5623C /* Build configuration list for PBXProject "LineChart-Swift" */;
			compatibilityVersion = "Xcode 13.0";
			developmentRegion = en;
			hasScannedForEncodings = 0;
			knownRegions = (
				en,
				Base,
			);
			mainGroup = CC79F28428609AEF00A5623C;
			productRefGroup = CC79F28E28609AEF00A5623C /* Products */;
			projectDirPath = "";
			projectRoot = "";
			targets = (
				CC79F28C28609AEF00A5623C /* LineChart-Swift */,
			);
		};
/* End PBXProject section */

/* Begin PBXResourcesBuildPhase section */
		CC79F28B28609AEF00A5623C /* Resources */ = {
			isa = PBXResourcesBuildPhase;
			buildActionMask = 2147483647;
			files = (
				CC79F2A62860AFA700A5623C /* data.json in Resources */,
				CC79F29D28609AF100A5623C /* LaunchScreen.storyboard in Resources */,
				CC79F29A28609AF100A5623C /* Assets.xcassets in Resources */,
				CC79F29828609AEF00A5623C /* Main.storyboard in Resources */,
			);
			runOnlyForDeploymentPostprocessing = 0;
		};
/* End PBXResourcesBuildPhase section */

/* Begin PBXShellScriptBuildPhase section */
		8F3D262AB5509A4FC47C1232 /* [CP] Embed Pods Frameworks */ = {
			isa = PBXShellScriptBuildPhase;
			buildActionMask = 2147483647;
			files = (
			);
			inputFileListPaths = (
				"${PODS_ROOT}/Target Support Files/Pods-LineChart-Swift/Pods-LineChart-Swift-frameworks-${CONFIGURATION}-input-files.xcfilelist",
			);
			name = "[CP] Embed Pods Frameworks";
			outputFileListPaths = (
				"${PODS_ROOT}/Target Support Files/Pods-LineChart-Swift/Pods-LineChart-Swift-frameworks-${CONFIGURATION}-output-files.xcfilelist",
			);
			runOnlyForDeploymentPostprocessing = 0;
			shellPath = /bin/sh;
			shellScript = "\"${PODS_ROOT}/Target Support Files/Pods-LineChart-Swift/Pods-LineChart-Swift-frameworks.sh\"\n";
			showEnvVarsInLog = 0;
		};
		FF5D2B3ED76F43A115ADB78B /* [CP] Check Pods Manifest.lock */ = {
			isa = PBXShellScriptBuildPhase;
			buildActionMask = 2147483647;
			files = (
			);
			inputFileListPaths = (
			);
			inputPaths = (
				"${PODS_PODFILE_DIR_PATH}/Podfile.lock",
				"${PODS_ROOT}/Manifest.lock",
			);
			name = "[CP] Check Pods Manifest.lock";
			outputFileListPaths = (
			);
			outputPaths = (
				"$(DERIVED_FILE_DIR)/Pods-LineChart-Swift-checkManifestLockResult.txt",
			);
			runOnlyForDeploymentPostprocessing = 0;
			shellPath = /bin/sh;
			shellScript = "diff \"${PODS_PODFILE_DIR_PATH}/Podfile.lock\" \"${PODS_ROOT}/Manifest.lock\" > /dev/null\nif [ $? != 0 ] ; then\n    # print error to STDERR\n    echo \"error: The sandbox is not in sync with the Podfile.lock. Run 'pod install' or update your CocoaPods installation.\" >&2\n    exit 1\nfi\n# This output is used by Xcode 'outputs' to avoid re-running this script phase.\necho \"SUCCESS\" > \"${SCRIPT_OUTPUT_FILE_0}\"\n";
			showEnvVarsInLog = 0;
		};
/* End PBXShellScriptBuildPhase section */

/* Begin PBXSourcesBuildPhase section */
		CC79F28928609AEF00A5623C /* Sources */ = {
			isa = PBXSourcesBuildPhase;
			buildActionMask = 2147483647;
			files = (
				CC79F29528609AEF00A5623C /* ViewController.swift in Sources */,
				CC79F29128609AEF00A5623C /* AppDelegate.swift in Sources */,
				CC79F29328609AEF00A5623C /* SceneDelegate.swift in Sources */,
			);
			runOnlyForDeploymentPostprocessing = 0;
		};
/* End PBXSourcesBuildPhase section */

/* Begin PBXVariantGroup section */
		CC79F29628609AEF00A5623C /* Main.storyboard */ = {
			isa = PBXVariantGroup;
			children = (
				CC79F29728609AEF00A5623C /* Base */,
			);
			name = Main.storyboard;
			sourceTree = "<group>";
		};
		CC79F29B28609AF100A5623C /* LaunchScreen.storyboard */ = {
			isa = PBXVariantGroup;
			children = (
				CC79F29C28609AF100A5623C /* Base */,
			);
			name = LaunchScreen.storyboard;
			sourceTree = "<group>";
		};
/* End PBXVariantGroup section */

/* Begin XCBuildConfiguration section */
		CC79F29F28609AF200A5623C /* Debug */ = {
			isa = XCBuildConfiguration;
			buildSettings = {
				ALWAYS_SEARCH_USER_PATHS = NO;
				CLANG_ANALYZER_NONNULL = YES;
				CLANG_ANALYZER_NUMBER_OBJECT_CONVERSION = YES_AGGRESSIVE;
				CLANG_CXX_LANGUAGE_STANDARD = "gnu++17";
				CLANG_ENABLE_MODULES = YES;
				CLANG_ENABLE_OBJC_ARC = YES;
				CLANG_ENABLE_OBJC_WEAK = YES;
				CLANG_WARN_BLOCK_CAPTURE_AUTORELEASING = YES;
				CLANG_WARN_BOOL_CONVERSION = YES;
				CLANG_WARN_COMMA = YES;
				CLANG_WARN_CONSTANT_CONVERSION = YES;
				CLANG_WARN_DEPRECATED_OBJC_IMPLEMENTATIONS = YES;
				CLANG_WARN_DIRECT_OBJC_ISA_USAGE = YES_ERROR;
				CLANG_WARN_DOCUMENTATION_COMMENTS = YES;
				CLANG_WARN_EMPTY_BODY = YES;
				CLANG_WARN_ENUM_CONVERSION = YES;
				CLANG_WARN_INFINITE_RECURSION = YES;
				CLANG_WARN_INT_CONVERSION = YES;
				CLANG_WARN_NON_LITERAL_NULL_CONVERSION = YES;
				CLANG_WARN_OBJC_IMPLICIT_RETAIN_SELF = YES;
				CLANG_WARN_OBJC_LITERAL_CONVERSION = YES;
				CLANG_WARN_OBJC_ROOT_CLASS = YES_ERROR;
				CLANG_WARN_QUOTED_INCLUDE_IN_FRAMEWORK_HEADER = YES;
				CLANG_WARN_RANGE_LOOP_ANALYSIS = YES;
				CLANG_WARN_STRICT_PROTOTYPES = YES;
				CLANG_WARN_SUSPICIOUS_MOVE = YES;
				CLANG_WARN_UNGUARDED_AVAILABILITY = YES_AGGRESSIVE;
				CLANG_WARN_UNREACHABLE_CODE = YES;
				CLANG_WARN__DUPLICATE_METHOD_MATCH = YES;
				COPY_PHASE_STRIP = NO;
				DEBUG_INFORMATION_FORMAT = dwarf;
				ENABLE_STRICT_OBJC_MSGSEND = YES;
				ENABLE_TESTABILITY = YES;
				GCC_C_LANGUAGE_STANDARD = gnu11;
				GCC_DYNAMIC_NO_PIC = NO;
				GCC_NO_COMMON_BLOCKS = YES;
				GCC_OPTIMIZATION_LEVEL = 0;
				GCC_PREPROCESSOR_DEFINITIONS = (
					"DEBUG=1",
					"$(inherited)",
				);
				GCC_WARN_64_TO_32_BIT_CONVERSION = YES;
				GCC_WARN_ABOUT_RETURN_TYPE = YES_ERROR;
				GCC_WARN_UNDECLARED_SELECTOR = YES;
				GCC_WARN_UNINITIALIZED_AUTOS = YES_AGGRESSIVE;
				GCC_WARN_UNUSED_FUNCTION = YES;
				GCC_WARN_UNUSED_VARIABLE = YES;
				IPHONEOS_DEPLOYMENT_TARGET = 15.5;
				MTL_ENABLE_DEBUG_INFO = INCLUDE_SOURCE;
				MTL_FAST_MATH = YES;
				ONLY_ACTIVE_ARCH = YES;
				SDKROOT = iphoneos;
				SWIFT_ACTIVE_COMPILATION_CONDITIONS = DEBUG;
				SWIFT_OPTIMIZATION_LEVEL = "-Onone";
			};
			name = Debug;
		};
		CC79F2A028609AF200A5623C /* Release */ = {
			isa = XCBuildConfiguration;
			buildSettings = {
				ALWAYS_SEARCH_USER_PATHS = NO;
				CLANG_ANALYZER_NONNULL = YES;
				CLANG_ANALYZER_NUMBER_OBJECT_CONVERSION = YES_AGGRESSIVE;
				CLANG_CXX_LANGUAGE_STANDARD = "gnu++17";
				CLANG_ENABLE_MODULES = YES;
				CLANG_ENABLE_OBJC_ARC = YES;
				CLANG_ENABLE_OBJC_WEAK = YES;
				CLANG_WARN_BLOCK_CAPTURE_AUTORELEASING = YES;
				CLANG_WARN_BOOL_CONVERSION = YES;
				CLANG_WARN_COMMA = YES;
				CLANG_WARN_CONSTANT_CONVERSION = YES;
				CLANG_WARN_DEPRECATED_OBJC_IMPLEMENTATIONS = YES;
				CLANG_WARN_DIRECT_OBJC_ISA_USAGE = YES_ERROR;
				CLANG_WARN_DOCUMENTATION_COMMENTS = YES;
				CLANG_WARN_EMPTY_BODY = YES;
				CLANG_WARN_ENUM_CONVERSION = YES;
				CLANG_WARN_INFINITE_RECURSION = YES;
				CLANG_WARN_INT_CONVERSION = YES;
				CLANG_WARN_NON_LITERAL_NULL_CONVERSION = YES;
				CLANG_WARN_OBJC_IMPLICIT_RETAIN_SELF = YES;
				CLANG_WARN_OBJC_LITERAL_CONVERSION = YES;
				CLANG_WARN_OBJC_ROOT_CLASS = YES_ERROR;
				CLANG_WARN_QUOTED_INCLUDE_IN_FRAMEWORK_HEADER = YES;
				CLANG_WARN_RANGE_LOOP_ANALYSIS = YES;
				CLANG_WARN_STRICT_PROTOTYPES = YES;
				CLANG_WARN_SUSPICIOUS_MOVE = YES;
				CLANG_WARN_UNGUARDED_AVAILABILITY = YES_AGGRESSIVE;
				CLANG_WARN_UNREACHABLE_CODE = YES;
				CLANG_WARN__DUPLICATE_METHOD_MATCH = YES;
				COPY_PHASE_STRIP = NO;
				DEBUG_INFORMATION_FORMAT = "dwarf-with-dsym";
				ENABLE_NS_ASSERTIONS = NO;
				ENABLE_STRICT_OBJC_MSGSEND = YES;
				GCC_C_LANGUAGE_STANDARD = gnu11;
				GCC_NO_COMMON_BLOCKS = YES;
				GCC_WARN_64_TO_32_BIT_CONVERSION = YES;
				GCC_WARN_ABOUT_RETURN_TYPE = YES_ERROR;
				GCC_WARN_UNDECLARED_SELECTOR = YES;
				GCC_WARN_UNINITIALIZED_AUTOS = YES_AGGRESSIVE;
				GCC_WARN_UNUSED_FUNCTION = YES;
				GCC_WARN_UNUSED_VARIABLE = YES;
				IPHONEOS_DEPLOYMENT_TARGET = 15.5;
				MTL_ENABLE_DEBUG_INFO = NO;
				MTL_FAST_MATH = YES;
				SDKROOT = iphoneos;
				SWIFT_COMPILATION_MODE = wholemodule;
				SWIFT_OPTIMIZATION_LEVEL = "-O";
				VALIDATE_PRODUCT = YES;
			};
			name = Release;
		};
		CC79F2A228609AF200A5623C /* Debug */ = {
			isa = XCBuildConfiguration;
			baseConfigurationReference = 7430618EEF9F894A49060A69 /* Pods-LineChart-Swift.debug.xcconfig */;
			buildSettings = {
				ASSETCATALOG_COMPILER_APPICON_NAME = AppIcon;
				ASSETCATALOG_COMPILER_GLOBAL_ACCENT_COLOR_NAME = AccentColor;
				CODE_SIGN_STYLE = Automatic;
				CURRENT_PROJECT_VERSION = 1;
				DEVELOPMENT_TEAM = BQWDN7869J;
				GENERATE_INFOPLIST_FILE = YES;
				INFOPLIST_FILE = "LineChart-Swift/Info.plist";
				INFOPLIST_KEY_UIApplicationSupportsIndirectInputEvents = YES;
				INFOPLIST_KEY_UILaunchStoryboardName = LaunchScreen;
				INFOPLIST_KEY_UIMainStoryboardFile = Main;
				INFOPLIST_KEY_UISupportedInterfaceOrientations_iPad = "UIInterfaceOrientationPortrait UIInterfaceOrientationPortraitUpsideDown UIInterfaceOrientationLandscapeLeft UIInterfaceOrientationLandscapeRight";
				INFOPLIST_KEY_UISupportedInterfaceOrientations_iPhone = "UIInterfaceOrientationPortrait UIInterfaceOrientationLandscapeLeft UIInterfaceOrientationLandscapeRight";
				LD_RUNPATH_SEARCH_PATHS = (
					"$(inherited)",
					"@executable_path/Frameworks",
				);
				MARKETING_VERSION = 1.0;
				PRODUCT_BUNDLE_IDENTIFIER = "com.coderun.linechart.LineChart-Swift";
				PRODUCT_NAME = "$(TARGET_NAME)";
				SWIFT_EMIT_LOC_STRINGS = YES;
				SWIFT_VERSION = 5.0;
				TARGETED_DEVICE_FAMILY = "1,2";
			};
			name = Debug;
		};
		CC79F2A328609AF200A5623C /* Release */ = {
			isa = XCBuildConfiguration;
			baseConfigurationReference = FFA6437CAE278275C5FFD143 /* Pods-LineChart-Swift.release.xcconfig */;
			buildSettings = {
				ASSETCATALOG_COMPILER_APPICON_NAME = AppIcon;
				ASSETCATALOG_COMPILER_GLOBAL_ACCENT_COLOR_NAME = AccentColor;
				CODE_SIGN_STYLE = Automatic;
				CURRENT_PROJECT_VERSION = 1;
				DEVELOPMENT_TEAM = BQWDN7869J;
				GENERATE_INFOPLIST_FILE = YES;
				INFOPLIST_FILE = "LineChart-Swift/Info.plist";
				INFOPLIST_KEY_UIApplicationSupportsIndirectInputEvents = YES;
				INFOPLIST_KEY_UILaunchStoryboardName = LaunchScreen;
				INFOPLIST_KEY_UIMainStoryboardFile = Main;
				INFOPLIST_KEY_UISupportedInterfaceOrientations_iPad = "UIInterfaceOrientationPortrait UIInterfaceOrientationPortraitUpsideDown UIInterfaceOrientationLandscapeLeft UIInterfaceOrientationLandscapeRight";
				INFOPLIST_KEY_UISupportedInterfaceOrientations_iPhone = "UIInterfaceOrientationPortrait UIInterfaceOrientationLandscapeLeft UIInterfaceOrientationLandscapeRight";
				LD_RUNPATH_SEARCH_PATHS = (
					"$(inherited)",
					"@executable_path/Frameworks",
				);
				MARKETING_VERSION = 1.0;
				PRODUCT_BUNDLE_IDENTIFIER = "com.coderun.linechart.LineChart-Swift";
				PRODUCT_NAME = "$(TARGET_NAME)";
				SWIFT_EMIT_LOC_STRINGS = YES;
				SWIFT_VERSION = 5.0;
				TARGETED_DEVICE_FAMILY = "1,2";
			};
			name = Release;
		};
/* End XCBuildConfiguration section */

/* Begin XCConfigurationList section */
		CC79F28828609AEF00A5623C /* Build configuration list for PBXProject "LineChart-Swift" */ = {
			isa = XCConfigurationList;
			buildConfigurations = (
				CC79F29F28609AF200A5623C /* Debug */,
				CC79F2A028609AF200A5623C /* Release */,
			);
			defaultConfigurationIsVisible = 0;
			defaultConfigurationName = Release;
		};
		CC79F2A128609AF200A5623C /* Build configuration list for PBXNativeTarget "LineChart-Swift" */ = {
			isa = XCConfigurationList;
			buildConfigurations = (
				CC79F2A228609AF200A5623C /* Debug */,
				CC79F2A328609AF200A5623C /* Release */,
			);
			defaultConfigurationIsVisible = 0;
			defaultConfigurationName = Release;
		};
/* End XCConfigurationList section */
	};
	rootObject = CC79F28528609AEF00A5623C /* Project object */;
}
